// !$*UTF8*$!
{
	archiveVersion = 1;
	classes = {
	};
	objectVersion = 46;
	objects = {

/* Begin PBXBuildFile section */
		DC3564C01CEB052700B5E36A /* GA_DressCell.swift in Sources */ = {isa = PBXBuildFile; fileRef = DC3564BF1CEB052700B5E36A /* GA_DressCell.swift */; };
		DC3564C21CEB057400B5E36A /* GA_DressCell.xib in Resources */ = {isa = PBXBuildFile; fileRef = DC3564C11CEB057400B5E36A /* GA_DressCell.xib */; };
		DC3564C41CEB097200B5E36A /* GA_LineHeightLabel.swift in Sources */ = {isa = PBXBuildFile; fileRef = DC3564C31CEB097200B5E36A /* GA_LineHeightLabel.swift */; };
		DC3564C61CEB09E200B5E36A /* GA_LineHeightViewController.swift in Sources */ = {isa = PBXBuildFile; fileRef = DC3564C51CEB09E200B5E36A /* GA_LineHeightViewController.swift */; };
		DC8D043E1CEC0D160078EAA8 /* GA_ScrollDetailsViewController.swift in Sources */ = {isa = PBXBuildFile; fileRef = DC8D043D1CEC0D160078EAA8 /* GA_ScrollDetailsViewController.swift */; };
		DC8D04421CEC135E0078EAA8 /* UIImage+StackBlur.m in Sources */ = {isa = PBXBuildFile; fileRef = DC8D04411CEC135E0078EAA8 /* UIImage+StackBlur.m */; };
		DC8D04441CEC18870078EAA8 /* GA_DetailsBlurtView.swift in Sources */ = {isa = PBXBuildFile; fileRef = DC8D04431CEC18870078EAA8 /* GA_DetailsBlurtView.swift */; };
		DC8D04471CEC1FA70078EAA8 /* GA_DetailsCoordinateView.swift in Sources */ = {isa = PBXBuildFile; fileRef = DC8D04461CEC1FA70078EAA8 /* GA_DetailsCoordinateView.swift */; };
		DC8D04491CEC1FAF0078EAA8 /* GA_DetailsCoordinateView.xib in Resources */ = {isa = PBXBuildFile; fileRef = DC8D04481CEC1FAF0078EAA8 /* GA_DetailsCoordinateView.xib */; };
		DC8D044B1CEC21350078EAA8 /* GA_DetailsBackgroundView.swift in Sources */ = {isa = PBXBuildFile; fileRef = DC8D044A1CEC21350078EAA8 /* GA_DetailsBackgroundView.swift */; };
		DC8D044D1CEC22750078EAA8 /* GA_DetailsDressView.swift in Sources */ = {isa = PBXBuildFile; fileRef = DC8D044C1CEC22750078EAA8 /* GA_DetailsDressView.swift */; };
		DC8D044F1CEC2AD20078EAA8 /* GA_DetailsPictureView.swift in Sources */ = {isa = PBXBuildFile; fileRef = DC8D044E1CEC2AD20078EAA8 /* GA_DetailsPictureView.swift */; };
		DC8D04511CEC39F80078EAA8 /* GA_DetailsMoreView.swift in Sources */ = {isa = PBXBuildFile; fileRef = DC8D04501CEC39F80078EAA8 /* GA_DetailsMoreView.swift */; };
		DC8D04531CEC3A080078EAA8 /* GA_DetailsMoreView.xib in Resources */ = {isa = PBXBuildFile; fileRef = DC8D04521CEC3A080078EAA8 /* GA_DetailsMoreView.xib */; };
		DC8D04551CEC3EF50078EAA8 /* GA_DetailsBeFromeView.xib in Resources */ = {isa = PBXBuildFile; fileRef = DC8D04541CEC3EF50078EAA8 /* GA_DetailsBeFromeView.xib */; };
		DC8D04571CEC3F000078EAA8 /* GA_DetailsBeFromeView.swift in Sources */ = {isa = PBXBuildFile; fileRef = DC8D04561CEC3F000078EAA8 /* GA_DetailsBeFromeView.swift */; };
		DC8D04591CEC425C0078EAA8 /* GA_WebView.swift in Sources */ = {isa = PBXBuildFile; fileRef = DC8D04581CEC425C0078EAA8 /* GA_WebView.swift */; };
		DC8D045B1CEC4E110078EAA8 /* GA_DetailsClassView.swift in Sources */ = {isa = PBXBuildFile; fileRef = DC8D045A1CEC4E110078EAA8 /* GA_DetailsClassView.swift */; };
		DC8D045D1CEC4E260078EAA8 /* GA_DetailsClassView.xib in Resources */ = {isa = PBXBuildFile; fileRef = DC8D045C1CEC4E260078EAA8 /* GA_DetailsClassView.xib */; };
		DC8D04611CEC542B0078EAA8 /* GA_DetailsConmentView.swift in Sources */ = {isa = PBXBuildFile; fileRef = DC8D04601CEC542B0078EAA8 /* GA_DetailsConmentView.swift */; };
		DCD66DCC1CEAB84B00024BD1 /* AppDelegate.swift in Sources */ = {isa = PBXBuildFile; fileRef = DCD66DCB1CEAB84B00024BD1 /* AppDelegate.swift */; };
		DCD66DCE1CEAB84B00024BD1 /* ViewController.swift in Sources */ = {isa = PBXBuildFile; fileRef = DCD66DCD1CEAB84B00024BD1 /* ViewController.swift */; };
		DCD66DD11CEAB84B00024BD1 /* Main.storyboard in Resources */ = {isa = PBXBuildFile; fileRef = DCD66DCF1CEAB84B00024BD1 /* Main.storyboard */; };
		DCD66DD31CEAB84B00024BD1 /* Assets.xcassets in Resources */ = {isa = PBXBuildFile; fileRef = DCD66DD21CEAB84B00024BD1 /* Assets.xcassets */; };
		DCD66DD61CEAB84B00024BD1 /* LaunchScreen.storyboard in Resources */ = {isa = PBXBuildFile; fileRef = DCD66DD41CEAB84B00024BD1 /* LaunchScreen.storyboard */; };
		DCD66DE11CEAB84B00024BD1 /* GA_DetailsViewByContextTests.swift in Sources */ = {isa = PBXBuildFile; fileRef = DCD66DE01CEAB84B00024BD1 /* GA_DetailsViewByContextTests.swift */; };
		DCD66DEC1CEAB84B00024BD1 /* GA_DetailsViewByContextUITests.swift in Sources */ = {isa = PBXBuildFile; fileRef = DCD66DEB1CEAB84B00024BD1 /* GA_DetailsViewByContextUITests.swift */; };
		DCD66DFA1CEAB86500024BD1 /* GA_DetailsModel.swift in Sources */ = {isa = PBXBuildFile; fileRef = DCD66DF91CEAB86500024BD1 /* GA_DetailsModel.swift */; };
		DCD66DFC1CEABD1F00024BD1 /* GA_DetailsView.swift in Sources */ = {isa = PBXBuildFile; fileRef = DCD66DFB1CEABD1F00024BD1 /* GA_DetailsView.swift */; };
		DCD66DFE1CEAC35800024BD1 /* GA_DetailsScrollView.swift in Sources */ = {isa = PBXBuildFile; fileRef = DCD66DFD1CEAC35800024BD1 /* GA_DetailsScrollView.swift */; };
		DCD66E011CEAD30900024BD1 /* imageName.jpg in Resources */ = {isa = PBXBuildFile; fileRef = DCD66DFF1CEAD30900024BD1 /* imageName.jpg */; };
		DCD66E021CEAD30900024BD1 /* test.jpg in Resources */ = {isa = PBXBuildFile; fileRef = DCD66E001CEAD30900024BD1 /* test.jpg */; };
/* End PBXBuildFile section */

/* Begin PBXContainerItemProxy section */
		DCD66DDD1CEAB84B00024BD1 /* PBXContainerItemProxy */ = {
			isa = PBXContainerItemProxy;
			containerPortal = DCD66DC01CEAB84A00024BD1 /* Project object */;
			proxyType = 1;
			remoteGlobalIDString = DCD66DC71CEAB84A00024BD1;
			remoteInfo = GA_DetailsViewByContext;
		};
		DCD66DE81CEAB84B00024BD1 /* PBXContainerItemProxy */ = {
			isa = PBXContainerItemProxy;
			containerPortal = DCD66DC01CEAB84A00024BD1 /* Project object */;
			proxyType = 1;
			remoteGlobalIDString = DCD66DC71CEAB84A00024BD1;
			remoteInfo = GA_DetailsViewByContext;
		};
/* End PBXContainerItemProxy section */

/* Begin PBXFileReference section */
		DC3564BF1CEB052700B5E36A /* GA_DressCell.swift */ = {isa = PBXFileReference; fileEncoding = 4; lastKnownFileType = sourcecode.swift; path = GA_DressCell.swift; sourceTree = "<group>"; };
		DC3564C11CEB057400B5E36A /* GA_DressCell.xib */ = {isa = PBXFileReference; fileEncoding = 4; lastKnownFileType = file.xib; path = GA_DressCell.xib; sourceTree = "<group>"; };
		DC3564C31CEB097200B5E36A /* GA_LineHeightLabel.swift */ = {isa = PBXFileReference; fileEncoding = 4; lastKnownFileType = sourcecode.swift; name = GA_LineHeightLabel.swift; path = ../GA_LineHeightLabel.swift; sourceTree = "<group>"; };
		DC3564C51CEB09E200B5E36A /* GA_LineHeightViewController.swift */ = {isa = PBXFileReference; fileEncoding = 4; lastKnownFileType = sourcecode.swift; path = GA_LineHeightViewController.swift; sourceTree = "<group>"; };
		DC8D043D1CEC0D160078EAA8 /* GA_ScrollDetailsViewController.swift */ = {isa = PBXFileReference; fileEncoding = 4; lastKnownFileType = sourcecode.swift; path = GA_ScrollDetailsViewController.swift; sourceTree = "<group>"; };
		DC8D043F1CEC135D0078EAA8 /* GA_DetailsViewByContext-Bridging-Header.h */ = {isa = PBXFileReference; lastKnownFileType = sourcecode.c.h; path = "GA_DetailsViewByContext-Bridging-Header.h"; sourceTree = "<group>"; };
		DC8D04401CEC135E0078EAA8 /* UIImage+StackBlur.h */ = {isa = PBXFileReference; fileEncoding = 4; lastKnownFileType = sourcecode.c.h; path = "UIImage+StackBlur.h"; sourceTree = "<group>"; };
		DC8D04411CEC135E0078EAA8 /* UIImage+StackBlur.m */ = {isa = PBXFileReference; fileEncoding = 4; lastKnownFileType = sourcecode.c.objc; path = "UIImage+StackBlur.m"; sourceTree = "<group>"; };
		DC8D04431CEC18870078EAA8 /* GA_DetailsBlurtView.swift */ = {isa = PBXFileReference; fileEncoding = 4; lastKnownFileType = sourcecode.swift; name = GA_DetailsBlurtView.swift; path = ../GA_DetailsBlurtView.swift; sourceTree = "<group>"; };
		DC8D04461CEC1FA70078EAA8 /* GA_DetailsCoordinateView.swift */ = {isa = PBXFileReference; fileEncoding = 4; lastKnownFileType = sourcecode.swift; path = GA_DetailsCoordinateView.swift; sourceTree = "<group>"; };
		DC8D04481CEC1FAF0078EAA8 /* GA_DetailsCoordinateView.xib */ = {isa = PBXFileReference; fileEncoding = 4; lastKnownFileType = file.xib; path = GA_DetailsCoordinateView.xib; sourceTree = "<group>"; };
		DC8D044A1CEC21350078EAA8 /* GA_DetailsBackgroundView.swift */ = {isa = PBXFileReference; fileEncoding = 4; lastKnownFileType = sourcecode.swift; path = GA_DetailsBackgroundView.swift; sourceTree = "<group>"; };
		DC8D044C1CEC22750078EAA8 /* GA_DetailsDressView.swift */ = {isa = PBXFileReference; fileEncoding = 4; lastKnownFileType = sourcecode.swift; path = GA_DetailsDressView.swift; sourceTree = "<group>"; };
		DC8D044E1CEC2AD20078EAA8 /* GA_DetailsPictureView.swift */ = {isa = PBXFileReference; fileEncoding = 4; lastKnownFileType = sourcecode.swift; path = GA_DetailsPictureView.swift; sourceTree = "<group>"; };
		DC8D04501CEC39F80078EAA8 /* GA_DetailsMoreView.swift */ = {isa = PBXFileReference; fileEncoding = 4; lastKnownFileType = sourcecode.swift; path = GA_DetailsMoreView.swift; sourceTree = "<group>"; };
		DC8D04521CEC3A080078EAA8 /* GA_DetailsMoreView.xib */ = {isa = PBXFileReference; fileEncoding = 4; lastKnownFileType = file.xib; path = GA_DetailsMoreView.xib; sourceTree = "<group>"; };
		DC8D04541CEC3EF50078EAA8 /* GA_DetailsBeFromeView.xib */ = {isa = PBXFileReference; fileEncoding = 4; lastKnownFileType = file.xib; path = GA_DetailsBeFromeView.xib; sourceTree = "<group>"; };
		DC8D04561CEC3F000078EAA8 /* GA_DetailsBeFromeView.swift */ = {isa = PBXFileReference; fileEncoding = 4; lastKnownFileType = sourcecode.swift; path = GA_DetailsBeFromeView.swift; sourceTree = "<group>"; };
		DC8D04581CEC425C0078EAA8 /* GA_WebView.swift */ = {isa = PBXFileReference; fileEncoding = 4; lastKnownFileType = sourcecode.swift; path = GA_WebView.swift; sourceTree = "<group>"; };
		DC8D045A1CEC4E110078EAA8 /* GA_DetailsClassView.swift */ = {isa = PBXFileReference; fileEncoding = 4; lastKnownFileType = sourcecode.swift; path = GA_DetailsClassView.swift; sourceTree = "<group>"; };
		DC8D045C1CEC4E260078EAA8 /* GA_DetailsClassView.xib */ = {isa = PBXFileReference; fileEncoding = 4; lastKnownFileType = file.xib; path = GA_DetailsClassView.xib; sourceTree = "<group>"; };
		DC8D04601CEC542B0078EAA8 /* GA_DetailsConmentView.swift */ = {isa = PBXFileReference; fileEncoding = 4; lastKnownFileType = sourcecode.swift; path = GA_DetailsConmentView.swift; sourceTree = "<group>"; };
		DCD66DC81CEAB84A00024BD1 /* GA_DetailsViewByContext.app */ = {isa = PBXFileReference; explicitFileType = wrapper.application; includeInIndex = 0; path = GA_DetailsViewByContext.app; sourceTree = BUILT_PRODUCTS_DIR; };
		DCD66DCB1CEAB84B00024BD1 /* AppDelegate.swift */ = {isa = PBXFileReference; lastKnownFileType = sourcecode.swift; path = AppDelegate.swift; sourceTree = "<group>"; };
		DCD66DCD1CEAB84B00024BD1 /* ViewController.swift */ = {isa = PBXFileReference; lastKnownFileType = sourcecode.swift; path = ViewController.swift; sourceTree = "<group>"; };
		DCD66DD01CEAB84B00024BD1 /* Base */ = {isa = PBXFileReference; lastKnownFileType = file.storyboard; name = Base; path = Base.lproj/Main.storyboard; sourceTree = "<group>"; };
		DCD66DD21CEAB84B00024BD1 /* Assets.xcassets */ = {isa = PBXFileReference; lastKnownFileType = folder.assetcatalog; path = Assets.xcassets; sourceTree = "<group>"; };
		DCD66DD51CEAB84B00024BD1 /* Base */ = {isa = PBXFileReference; lastKnownFileType = file.storyboard; name = Base; path = Base.lproj/LaunchScreen.storyboard; sourceTree = "<group>"; };
		DCD66DD71CEAB84B00024BD1 /* Info.plist */ = {isa = PBXFileReference; lastKnownFileType = text.plist.xml; path = Info.plist; sourceTree = "<group>"; };
		DCD66DDC1CEAB84B00024BD1 /* GA_DetailsViewByContextTests.xctest */ = {isa = PBXFileReference; explicitFileType = wrapper.cfbundle; includeInIndex = 0; path = GA_DetailsViewByContextTests.xctest; sourceTree = BUILT_PRODUCTS_DIR; };
		DCD66DE01CEAB84B00024BD1 /* GA_DetailsViewByContextTests.swift */ = {isa = PBXFileReference; lastKnownFileType = sourcecode.swift; path = GA_DetailsViewByContextTests.swift; sourceTree = "<group>"; };
		DCD66DE21CEAB84B00024BD1 /* Info.plist */ = {isa = PBXFileReference; lastKnownFileType = text.plist.xml; path = Info.plist; sourceTree = "<group>"; };
		DCD66DE71CEAB84B00024BD1 /* GA_DetailsViewByContextUITests.xctest */ = {isa = PBXFileReference; explicitFileType = wrapper.cfbundle; includeInIndex = 0; path = GA_DetailsViewByContextUITests.xctest; sourceTree = BUILT_PRODUCTS_DIR; };
		DCD66DEB1CEAB84B00024BD1 /* GA_DetailsViewByContextUITests.swift */ = {isa = PBXFileReference; lastKnownFileType = sourcecode.swift; path = GA_DetailsViewByContextUITests.swift; sourceTree = "<group>"; };
		DCD66DED1CEAB84B00024BD1 /* Info.plist */ = {isa = PBXFileReference; lastKnownFileType = text.plist.xml; path = Info.plist; sourceTree = "<group>"; };
		DCD66DF91CEAB86500024BD1 /* GA_DetailsModel.swift */ = {isa = PBXFileReference; fileEncoding = 4; lastKnownFileType = sourcecode.swift; path = GA_DetailsModel.swift; sourceTree = "<group>"; };
		DCD66DFB1CEABD1F00024BD1 /* GA_DetailsView.swift */ = {isa = PBXFileReference; fileEncoding = 4; lastKnownFileType = sourcecode.swift; name = GA_DetailsView.swift; path = ../GA_DetailsView.swift; sourceTree = "<group>"; };
		DCD66DFD1CEAC35800024BD1 /* GA_DetailsScrollView.swift */ = {isa = PBXFileReference; fileEncoding = 4; lastKnownFileType = sourcecode.swift; name = GA_DetailsScrollView.swift; path = ../GA_DetailsScrollView.swift; sourceTree = "<group>"; };
		DCD66DFF1CEAD30900024BD1 /* imageName.jpg */ = {isa = PBXFileReference; lastKnownFileType = image.jpeg; path = imageName.jpg; sourceTree = "<group>"; };
		DCD66E001CEAD30900024BD1 /* test.jpg */ = {isa = PBXFileReference; lastKnownFileType = image.jpeg; path = test.jpg; sourceTree = "<group>"; };
/* End PBXFileReference section */

/* Begin PBXFrameworksBuildPhase section */
		DCD66DC51CEAB84A00024BD1 /* Frameworks */ = {
			isa = PBXFrameworksBuildPhase;
			buildActionMask = 2147483647;
			files = (
			);
			runOnlyForDeploymentPostprocessing = 0;
		};
		DCD66DD91CEAB84B00024BD1 /* Frameworks */ = {
			isa = PBXFrameworksBuildPhase;
			buildActionMask = 2147483647;
			files = (
			);
			runOnlyForDeploymentPostprocessing = 0;
		};
		DCD66DE41CEAB84B00024BD1 /* Frameworks */ = {
			isa = PBXFrameworksBuildPhase;
			buildActionMask = 2147483647;
			files = (
			);
			runOnlyForDeploymentPostprocessing = 0;
		};
/* End PBXFrameworksBuildPhase section */

/* Begin PBXGroup section */
		DC8D04451CEC1F540078EAA8 /* SBDetailsView */ = {
			isa = PBXGroup;
			children = (
				DC8D04581CEC425C0078EAA8 /* GA_WebView.swift */,
				DCD66DFB1CEABD1F00024BD1 /* GA_DetailsView.swift */,
				DC8D04431CEC18870078EAA8 /* GA_DetailsBlurtView.swift */,
				DCD66DFD1CEAC35800024BD1 /* GA_DetailsScrollView.swift */,
				DC8D044A1CEC21350078EAA8 /* GA_DetailsBackgroundView.swift */,
				DC8D044C1CEC22750078EAA8 /* GA_DetailsDressView.swift */,
				DC8D04461CEC1FA70078EAA8 /* GA_DetailsCoordinateView.swift */,
				DC8D04481CEC1FAF0078EAA8 /* GA_DetailsCoordinateView.xib */,
				DC8D044E1CEC2AD20078EAA8 /* GA_DetailsPictureView.swift */,
				DC8D04501CEC39F80078EAA8 /* GA_DetailsMoreView.swift */,
				DC8D04521CEC3A080078EAA8 /* GA_DetailsMoreView.xib */,
				DC8D04561CEC3F000078EAA8 /* GA_DetailsBeFromeView.swift */,
				DC8D04541CEC3EF50078EAA8 /* GA_DetailsBeFromeView.xib */,
				DC8D045A1CEC4E110078EAA8 /* GA_DetailsClassView.swift */,
				DC8D045C1CEC4E260078EAA8 /* GA_DetailsClassView.xib */,
				DC8D04601CEC542B0078EAA8 /* GA_DetailsConmentView.swift */,
				DC3564C31CEB097200B5E36A /* GA_LineHeightLabel.swift */,
			);
			path = SBDetailsView;
			sourceTree = "<group>";
		};
		DCD66DBF1CEAB84A00024BD1 = {
			isa = PBXGroup;
			children = (
				DCD66DCA1CEAB84B00024BD1 /* GA_DetailsViewByContext */,
				DCD66DDF1CEAB84B00024BD1 /* GA_DetailsViewByContextTests */,
				DCD66DEA1CEAB84B00024BD1 /* GA_DetailsViewByContextUITests */,
				DCD66DC91CEAB84A00024BD1 /* Products */,
			);
			sourceTree = "<group>";
		};
		DCD66DC91CEAB84A00024BD1 /* Products */ = {
			isa = PBXGroup;
			children = (
				DCD66DC81CEAB84A00024BD1 /* GA_DetailsViewByContext.app */,
				DCD66DDC1CEAB84B00024BD1 /* GA_DetailsViewByContextTests.xctest */,
				DCD66DE71CEAB84B00024BD1 /* GA_DetailsViewByContextUITests.xctest */,
			);
			name = Products;
			sourceTree = "<group>";
		};
		DCD66DCA1CEAB84B00024BD1 /* GA_DetailsViewByContext */ = {
			isa = PBXGroup;
			children = (
				DCD66DCB1CEAB84B00024BD1 /* AppDelegate.swift */,
				DC3564C51CEB09E200B5E36A /* GA_LineHeightViewController.swift */,
				DC8D043D1CEC0D160078EAA8 /* GA_ScrollDetailsViewController.swift */,
				DCD66DCD1CEAB84B00024BD1 /* ViewController.swift */,
				DC8D04451CEC1F540078EAA8 /* SBDetailsView */,
				DCD66DF91CEAB86500024BD1 /* GA_DetailsModel.swift */,
				DC3564BF1CEB052700B5E36A /* GA_DressCell.swift */,
				DC3564C11CEB057400B5E36A /* GA_DressCell.xib */,
				DC8D04401CEC135E0078EAA8 /* UIImage+StackBlur.h */,
				DC8D04411CEC135E0078EAA8 /* UIImage+StackBlur.m */,
				DCD66DFF1CEAD30900024BD1 /* imageName.jpg */,
				DCD66E001CEAD30900024BD1 /* test.jpg */,
				DCD66DCF1CEAB84B00024BD1 /* Main.storyboard */,
				DCD66DD21CEAB84B00024BD1 /* Assets.xcassets */,
				DCD66DD41CEAB84B00024BD1 /* LaunchScreen.storyboard */,
				DCD66DD71CEAB84B00024BD1 /* Info.plist */,
				DC8D043F1CEC135D0078EAA8 /* GA_DetailsViewByContext-Bridging-Header.h */,
			);
			path = GA_DetailsViewByContext;
			sourceTree = "<group>";
		};
		DCD66DDF1CEAB84B00024BD1 /* GA_DetailsViewByContextTests */ = {
			isa = PBXGroup;
			children = (
				DCD66DE01CEAB84B00024BD1 /* GA_DetailsViewByContextTests.swift */,
				DCD66DE21CEAB84B00024BD1 /* Info.plist */,
			);
			path = GA_DetailsViewByContextTests;
			sourceTree = "<group>";
		};
		DCD66DEA1CEAB84B00024BD1 /* GA_DetailsViewByContextUITests */ = {
			isa = PBXGroup;
			children = (
				DCD66DEB1CEAB84B00024BD1 /* GA_DetailsViewByContextUITests.swift */,
				DCD66DED1CEAB84B00024BD1 /* Info.plist */,
			);
			path = GA_DetailsViewByContextUITests;
			sourceTree = "<group>";
		};
/* End PBXGroup section */

/* Begin PBXNativeTarget section */
		DCD66DC71CEAB84A00024BD1 /* GA_DetailsViewByContext */ = {
			isa = PBXNativeTarget;
			buildConfigurationList = DCD66DF01CEAB84B00024BD1 /* Build configuration list for PBXNativeTarget "GA_DetailsViewByContext" */;
			buildPhases = (
				DCD66DC41CEAB84A00024BD1 /* Sources */,
				DCD66DC51CEAB84A00024BD1 /* Frameworks */,
				DCD66DC61CEAB84A00024BD1 /* Resources */,
			);
			buildRules = (
			);
			dependencies = (
			);
			name = GA_DetailsViewByContext;
			productName = GA_DetailsViewByContext;
			productReference = DCD66DC81CEAB84A00024BD1 /* GA_DetailsViewByContext.app */;
			productType = "com.apple.product-type.application";
		};
		DCD66DDB1CEAB84B00024BD1 /* GA_DetailsViewByContextTests */ = {
			isa = PBXNativeTarget;
			buildConfigurationList = DCD66DF31CEAB84B00024BD1 /* Build configuration list for PBXNativeTarget "GA_DetailsViewByContextTests" */;
			buildPhases = (
				DCD66DD81CEAB84B00024BD1 /* Sources */,
				DCD66DD91CEAB84B00024BD1 /* Frameworks */,
				DCD66DDA1CEAB84B00024BD1 /* Resources */,
			);
			buildRules = (
			);
			dependencies = (
				DCD66DDE1CEAB84B00024BD1 /* PBXTargetDependency */,
			);
			name = GA_DetailsViewByContextTests;
			productName = GA_DetailsViewByContextTests;
			productReference = DCD66DDC1CEAB84B00024BD1 /* GA_DetailsViewByContextTests.xctest */;
			productType = "com.apple.product-type.bundle.unit-test";
		};
		DCD66DE61CEAB84B00024BD1 /* GA_DetailsViewByContextUITests */ = {
			isa = PBXNativeTarget;
			buildConfigurationList = DCD66DF61CEAB84B00024BD1 /* Build configuration list for PBXNativeTarget "GA_DetailsViewByContextUITests" */;
			buildPhases = (
				DCD66DE31CEAB84B00024BD1 /* Sources */,
				DCD66DE41CEAB84B00024BD1 /* Frameworks */,
				DCD66DE51CEAB84B00024BD1 /* Resources */,
			);
			buildRules = (
			);
			dependencies = (
				DCD66DE91CEAB84B00024BD1 /* PBXTargetDependency */,
			);
			name = GA_DetailsViewByContextUITests;
			productName = GA_DetailsViewByContextUITests;
			productReference = DCD66DE71CEAB84B00024BD1 /* GA_DetailsViewByContextUITests.xctest */;
			productType = "com.apple.product-type.bundle.ui-testing";
		};
/* End PBXNativeTarget section */

/* Begin PBXProject section */
		DCD66DC01CEAB84A00024BD1 /* Project object */ = {
			isa = PBXProject;
			attributes = {
				LastSwiftUpdateCheck = 0730;
				LastUpgradeCheck = 0730;
				ORGANIZATIONNAME = houjianan;
				TargetAttributes = {
					DCD66DC71CEAB84A00024BD1 = {
						CreatedOnToolsVersion = 7.3.1;
					};
					DCD66DDB1CEAB84B00024BD1 = {
						CreatedOnToolsVersion = 7.3.1;
						TestTargetID = DCD66DC71CEAB84A00024BD1;
					};
					DCD66DE61CEAB84B00024BD1 = {
						CreatedOnToolsVersion = 7.3.1;
						TestTargetID = DCD66DC71CEAB84A00024BD1;
					};
				};
			};
			buildConfigurationList = DCD66DC31CEAB84A00024BD1 /* Build configuration list for PBXProject "GA_DetailsViewByContext" */;
			compatibilityVersion = "Xcode 3.2";
			developmentRegion = English;
			hasScannedForEncodings = 0;
			knownRegions = (
				en,
				Base,
			);
			mainGroup = DCD66DBF1CEAB84A00024BD1;
			productRefGroup = DCD66DC91CEAB84A00024BD1 /* Products */;
			projectDirPath = "";
			projectRoot = "";
			targets = (
				DCD66DC71CEAB84A00024BD1 /* GA_DetailsViewByContext */,
				DCD66DDB1CEAB84B00024BD1 /* GA_DetailsViewByContextTests */,
				DCD66DE61CEAB84B00024BD1 /* GA_DetailsViewByContextUITests */,
			);
		};
/* End PBXProject section */

/* Begin PBXResourcesBuildPhase section */
		DCD66DC61CEAB84A00024BD1 /* Resources */ = {
			isa = PBXResourcesBuildPhase;
			buildActionMask = 2147483647;
			files = (
				DCD66E011CEAD30900024BD1 /* imageName.jpg in Resources */,
				DCD66E021CEAD30900024BD1 /* test.jpg in Resources */,
				DC8D04531CEC3A080078EAA8 /* GA_DetailsMoreView.xib in Resources */,
				DCD66DD61CEAB84B00024BD1 /* LaunchScreen.storyboard in Resources */,
				DC3564C21CEB057400B5E36A /* GA_DressCell.xib in Resources */,
				DCD66DD31CEAB84B00024BD1 /* Assets.xcassets in Resources */,
				DC8D045D1CEC4E260078EAA8 /* GA_DetailsClassView.xib in Resources */,
				DCD66DD11CEAB84B00024BD1 /* Main.storyboard in Resources */,
				DC8D04551CEC3EF50078EAA8 /* GA_DetailsBeFromeView.xib in Resources */,
				DC8D04491CEC1FAF0078EAA8 /* GA_DetailsCoordinateView.xib in Resources */,
			);
			runOnlyForDeploymentPostprocessing = 0;
		};
		DCD66DDA1CEAB84B00024BD1 /* Resources */ = {
			isa = PBXResourcesBuildPhase;
			buildActionMask = 2147483647;
			files = (
			);
			runOnlyForDeploymentPostprocessing = 0;
		};
		DCD66DE51CEAB84B00024BD1 /* Resources */ = {
			isa = PBXResourcesBuildPhase;
			buildActionMask = 2147483647;
			files = (
			);
			runOnlyForDeploymentPostprocessing = 0;
		};
/* End PBXResourcesBuildPhase section */

/* Begin PBXSourcesBuildPhase section */
		DCD66DC41CEAB84A00024BD1 /* Sources */ = {
			isa = PBXSourcesBuildPhase;
			buildActionMask = 2147483647;
			files = (
				DC8D04441CEC18870078EAA8 /* GA_DetailsBlurtView.swift in Sources */,
				DCD66DCE1CEAB84B00024BD1 /* ViewController.swift in Sources */,
				DC8D04571CEC3F000078EAA8 /* GA_DetailsBeFromeView.swift in Sources */,
				DC3564C61CEB09E200B5E36A /* GA_LineHeightViewController.swift in Sources */,
				DC3564C41CEB097200B5E36A /* GA_LineHeightLabel.swift in Sources */,
				DCD66DCC1CEAB84B00024BD1 /* AppDelegate.swift in Sources */,
				DC8D044D1CEC22750078EAA8 /* GA_DetailsDressView.swift in Sources */,
				DCD66DFE1CEAC35800024BD1 /* GA_DetailsScrollView.swift in Sources */,
				DC8D04421CEC135E0078EAA8 /* UIImage+StackBlur.m in Sources */,
				DC8D04591CEC425C0078EAA8 /* GA_WebView.swift in Sources */,
				DC8D04611CEC542B0078EAA8 /* GA_DetailsConmentView.swift in Sources */,
				DC8D044F1CEC2AD20078EAA8 /* GA_DetailsPictureView.swift in Sources */,
				DC8D043E1CEC0D160078EAA8 /* GA_ScrollDetailsViewController.swift in Sources */,
				DCD66DFA1CEAB86500024BD1 /* GA_DetailsModel.swift in Sources */,
				DC8D04471CEC1FA70078EAA8 /* GA_DetailsCoordinateView.swift in Sources */,
				DC8D044B1CEC21350078EAA8 /* GA_DetailsBackgroundView.swift in Sources */,
				DCD66DFC1CEABD1F00024BD1 /* GA_DetailsView.swift in Sources */,
				DC8D04511CEC39F80078EAA8 /* GA_DetailsMoreView.swift in Sources */,
				DC8D045B1CEC4E110078EAA8 /* GA_DetailsClassView.swift in Sources */,
				DC3564C01CEB052700B5E36A /* GA_DressCell.swift in Sources */,
			);
			runOnlyForDeploymentPostprocessing = 0;
		};
		DCD66DD81CEAB84B00024BD1 /* Sources */ = {
			isa = PBXSourcesBuildPhase;
			buildActionMask = 2147483647;
			files = (
				DCD66DE11CEAB84B00024BD1 /* GA_DetailsViewByContextTests.swift in Sources */,
			);
			runOnlyForDeploymentPostprocessing = 0;
		};
		DCD66DE31CEAB84B00024BD1 /* Sources */ = {
			isa = PBXSourcesBuildPhase;
			buildActionMask = 2147483647;
			files = (
				DCD66DEC1CEAB84B00024BD1 /* GA_DetailsViewByContextUITests.swift in Sources */,
			);
			runOnlyForDeploymentPostprocessing = 0;
		};
/* End PBXSourcesBuildPhase section */

/* Begin PBXTargetDependency section */
		DCD66DDE1CEAB84B00024BD1 /* PBXTargetDependency */ = {
			isa = PBXTargetDependency;
			target = DCD66DC71CEAB84A00024BD1 /* GA_DetailsViewByContext */;
			targetProxy = DCD66DDD1CEAB84B00024BD1 /* PBXContainerItemProxy */;
		};
		DCD66DE91CEAB84B00024BD1 /* PBXTargetDependency */ = {
			isa = PBXTargetDependency;
			target = DCD66DC71CEAB84A00024BD1 /* GA_DetailsViewByContext */;
			targetProxy = DCD66DE81CEAB84B00024BD1 /* PBXContainerItemProxy */;
		};
/* End PBXTargetDependency section */

/* Begin PBXVariantGroup section */
		DCD66DCF1CEAB84B00024BD1 /* Main.storyboard */ = {
			isa = PBXVariantGroup;
			children = (
				DCD66DD01CEAB84B00024BD1 /* Base */,
			);
			name = Main.storyboard;
			sourceTree = "<group>";
		};
		DCD66DD41CEAB84B00024BD1 /* LaunchScreen.storyboard */ = {
			isa = PBXVariantGroup;
			children = (
				DCD66DD51CEAB84B00024BD1 /* Base */,
			);
			name = LaunchScreen.storyboard;
			sourceTree = "<group>";
		};
/* End PBXVariantGroup section */

/* Begin XCBuildConfiguration section */
		DCD66DEE1CEAB84B00024BD1 /* Debug */ = {
			isa = XCBuildConfiguration;
			buildSettings = {
				ALWAYS_SEARCH_USER_PATHS = NO;
				CLANG_ANALYZER_NONNULL = YES;
				CLANG_CXX_LANGUAGE_STANDARD = "gnu++0x";
				CLANG_CXX_LIBRARY = "libc++";
				CLANG_ENABLE_MODULES = YES;
				CLANG_ENABLE_OBJC_ARC = YES;
				CLANG_WARN_BOOL_CONVERSION = YES;
				CLANG_WARN_CONSTANT_CONVERSION = YES;
				CLANG_WARN_DIRECT_OBJC_ISA_USAGE = YES_ERROR;
				CLANG_WARN_EMPTY_BODY = YES;
				CLANG_WARN_ENUM_CONVERSION = YES;
				CLANG_WARN_INT_CONVERSION = YES;
				CLANG_WARN_OBJC_ROOT_CLASS = YES_ERROR;
				CLANG_WARN_UNREACHABLE_CODE = YES;
				CLANG_WARN__DUPLICATE_METHOD_MATCH = YES;
				"CODE_SIGN_IDENTITY[sdk=iphoneos*]" = "iPhone Developer";
				COPY_PHASE_STRIP = NO;
				DEBUG_INFORMATION_FORMAT = dwarf;
				ENABLE_STRICT_OBJC_MSGSEND = YES;
				ENABLE_TESTABILITY = YES;
				GCC_C_LANGUAGE_STANDARD = gnu99;
				GCC_DYNAMIC_NO_PIC = NO;
				GCC_NO_COMMON_BLOCKS = YES;
				GCC_OPTIMIZATION_LEVEL = 0;
				GCC_PREPROCESSOR_DEFINITIONS = (
					"DEBUG=1",
					"$(inherited)",
				);
				GCC_WARN_64_TO_32_BIT_CONVERSION = YES;
				GCC_WARN_ABOUT_RETURN_TYPE = YES_ERROR;
				GCC_WARN_UNDECLARED_SELECTOR = YES;
				GCC_WARN_UNINITIALIZED_AUTOS = YES_AGGRESSIVE;
				GCC_WARN_UNUSED_FUNCTION = YES;
				GCC_WARN_UNUSED_VARIABLE = YES;
				IPHONEOS_DEPLOYMENT_TARGET = 9.3;
				MTL_ENABLE_DEBUG_INFO = YES;
				ONLY_ACTIVE_ARCH = YES;
				SDKROOT = iphoneos;
				SWIFT_OPTIMIZATION_LEVEL = "-Onone";
			};
			name = Debug;
		};
		DCD66DEF1CEAB84B00024BD1 /* Release */ = {
			isa = XCBuildConfiguration;
			buildSettings = {
				ALWAYS_SEARCH_USER_PATHS = NO;
				CLANG_ANALYZER_NONNULL = YES;
				CLANG_CXX_LANGUAGE_STANDARD = "gnu++0x";
				CLANG_CXX_LIBRARY = "libc++";
				CLANG_ENABLE_MODULES = YES;
				CLANG_ENABLE_OBJC_ARC = YES;
				CLANG_WARN_BOOL_CONVERSION = YES;
				CLANG_WARN_CONSTANT_CONVERSION = YES;
				CLANG_WARN_DIRECT_OBJC_ISA_USAGE = YES_ERROR;
				CLANG_WARN_EMPTY_BODY = YES;
				CLANG_WARN_ENUM_CONVERSION = YES;
				CLANG_WARN_INT_CONVERSION = YES;
				CLANG_WARN_OBJC_ROOT_CLASS = YES_ERROR;
				CLANG_WARN_UNREACHABLE_CODE = YES;
				CLANG_WARN__DUPLICATE_METHOD_MATCH = YES;
				"CODE_SIGN_IDENTITY[sdk=iphoneos*]" = "iPhone Developer";
				COPY_PHASE_STRIP = NO;
				DEBUG_INFORMATION_FORMAT = "dwarf-with-dsym";
				ENABLE_NS_ASSERTIONS = NO;
				ENABLE_STRICT_OBJC_MSGSEND = YES;
				GCC_C_LANGUAGE_STANDARD = gnu99;
				GCC_NO_COMMON_BLOCKS = YES;
				GCC_WARN_64_TO_32_BIT_CONVERSION = YES;
				GCC_WARN_ABOUT_RETURN_TYPE = YES_ERROR;
				GCC_WARN_UNDECLARED_SELECTOR = YES;
				GCC_WARN_UNINITIALIZED_AUTOS = YES_AGGRESSIVE;
				GCC_WARN_UNUSED_FUNCTION = YES;
				GCC_WARN_UNUSED_VARIABLE = YES;
				IPHONEOS_DEPLOYMENT_TARGET = 9.3;
				MTL_ENABLE_DEBUG_INFO = NO;
				SDKROOT = iphoneos;
				VALIDATE_PRODUCT = YES;
			};
			name = Release;
		};
		DCD66DF11CEAB84B00024BD1 /* Debug */ = {
			isa = XCBuildConfiguration;
			buildSettings = {
				ASSETCATALOG_COMPILER_APPICON_NAME = AppIcon;
				CLANG_ENABLE_MODULES = YES;
				INFOPLIST_FILE = GA_DetailsViewByContext/Info.plist;
				IPHONEOS_DEPLOYMENT_TARGET = 8.0;
				LD_RUNPATH_SEARCH_PATHS = "$(inherited) @executable_path/Frameworks";
				PRODUCT_BUNDLE_IDENTIFIER = "com.jianan.GA-DetailsViewByContext";
				PRODUCT_NAME = "$(TARGET_NAME)";
				PROVISIONING_PROFILE = "";
				SWIFT_OBJC_BRIDGING_HEADER = "GA_DetailsViewByContext/GA_DetailsViewByContext-Bridging-Header.h";
				SWIFT_OPTIMIZATION_LEVEL = "-Onone";
			};
			name = Debug;
		};
		DCD66DF21CEAB84B00024BD1 /* Release */ = {
			isa = XCBuildConfiguration;
			buildSettings = {
				ASSETCATALOG_COMPILER_APPICON_NAME = AppIcon;
				CLANG_ENABLE_MODULES = YES;
				INFOPLIST_FILE = GA_DetailsViewByContext/Info.plist;
				IPHONEOS_DEPLOYMENT_TARGET = 8.0;
				LD_RUNPATH_SEARCH_PATHS = "$(inherited) @executable_path/Frameworks";
				PRODUCT_BUNDLE_IDENTIFIER = "com.jianan.GA-DetailsViewByContext";
				PRODUCT_NAME = "$(TARGET_NAME)";
				PROVISIONING_PROFILE = "";
				SWIFT_OBJC_BRIDGING_HEADER = "GA_DetailsViewByContext/GA_DetailsViewByContext-Bridging-Header.h";
			};
			name = Release;
		};
		DCD66DF41CEAB84B00024BD1 /* Debug */ = {
			isa = XCBuildConfiguration;
			buildSettings = {
				BUNDLE_LOADER = "$(TEST_HOST)";
				INFOPLIST_FILE = GA_DetailsViewByContextTests/Info.plist;
				LD_RUNPATH_SEARCH_PATHS = "$(inherited) @executable_path/Frameworks @loader_path/Frameworks";
				PRODUCT_BUNDLE_IDENTIFIER = "com.jianan.GA-DetailsViewByContextTests";
				PRODUCT_NAME = "$(TARGET_NAME)";
				TEST_HOST = "$(BUILT_PRODUCTS_DIR)/GA_DetailsViewByContext.app/GA_DetailsViewByContext";
			};
			name = Debug;
		};
		DCD66DF51CEAB84B00024BD1 /* Release */ = {
			isa = XCBuildConfiguration;
			buildSettings = {
				BUNDLE_LOADER = "$(TEST_HOST)";
				INFOPLIST_FILE = GA_DetailsViewByContextTests/Info.plist;
				LD_RUNPATH_SEARCH_PATHS = "$(inherited) @executable_path/Frameworks @loader_path/Frameworks";
				PRODUCT_BUNDLE_IDENTIFIER = "com.jianan.GA-DetailsViewByContextTests";
				PRODUCT_NAME = "$(TARGET_NAME)";
				TEST_HOST = "$(BUILT_PRODUCTS_DIR)/GA_DetailsViewByContext.app/GA_DetailsViewByContext";
			};
			name = Release;
		};
		DCD66DF71CEAB84B00024BD1 /* Debug */ = {
			isa = XCBuildConfiguration;
			buildSettings = {
				INFOPLIST_FILE = GA_DetailsViewByContextUITests/Info.plist;
				LD_RUNPATH_SEARCH_PATHS = "$(inherited) @executable_path/Frameworks @loader_path/Frameworks";
				PRODUCT_BUNDLE_IDENTIFIER = "com.jianan.GA-DetailsViewByContextUITests";
				PRODUCT_NAME = "$(TARGET_NAME)";
				TEST_TARGET_NAME = GA_DetailsViewByContext;
			};
			name = Debug;
		};
		DCD66DF81CEAB84B00024BD1 /* Release */ = {
			isa = XCBuildConfiguration;
			buildSettings = {
				INFOPLIST_FILE = GA_DetailsViewByContextUITests/Info.plist;
				LD_RUNPATH_SEARCH_PATHS = "$(inherited) @executable_path/Frameworks @loader_path/Frameworks";
				PRODUCT_BUNDLE_IDENTIFIER = "com.jianan.GA-DetailsViewByContextUITests";
				PRODUCT_NAME = "$(TARGET_NAME)";
				TEST_TARGET_NAME = GA_DetailsViewByContext;
			};
			name = Release;
		};
/* End XCBuildConfiguration section */

/* Begin XCConfigurationList section */
		DCD66DC31CEAB84A00024BD1 /* Build configuration list for PBXProject "GA_DetailsViewByContext" */ = {
			isa = XCConfigurationList;
			buildConfigurations = (
				DCD66DEE1CEAB84B00024BD1 /* Debug */,
				DCD66DEF1CEAB84B00024BD1 /* Release */,
			);
			defaultConfigurationIsVisible = 0;
			defaultConfigurationName = Release;
		};
		DCD66DF01CEAB84B00024BD1 /* Build configuration list for PBXNativeTarget "GA_DetailsViewByContext" */ = {
			isa = XCConfigurationList;
			buildConfigurations = (
				DCD66DF11CEAB84B00024BD1 /* Debug */,
				DCD66DF21CEAB84B00024BD1 /* Release */,
			);
			defaultConfigurationIsVisible = 0;
			defaultConfigurationName = Release;
		};
		DCD66DF31CEAB84B00024BD1 /* Build configuration list for PBXNativeTarget "GA_DetailsViewByContextTests" */ = {
			isa = XCConfigurationList;
			buildConfigurations = (
				DCD66DF41CEAB84B00024BD1 /* Debug */,
				DCD66DF51CEAB84B00024BD1 /* Release */,
			);
			defaultConfigurationIsVisible = 0;
			defaultConfigurationName = Release;
		};
		DCD66DF61CEAB84B00024BD1 /* Build configuration list for PBXNativeTarget "GA_DetailsViewByContextUITests" */ = {
			isa = XCConfigurationList;
			buildConfigurations = (
				DCD66DF71CEAB84B00024BD1 /* Debug */,
				DCD66DF81CEAB84B00024BD1 /* Release */,
			);
			defaultConfigurationIsVisible = 0;
			defaultConfigurationName = Release;
		};
/* End XCConfigurationList section */
	};
	rootObject = DCD66DC01CEAB84A00024BD1 /* Project object */;
}
